
Microsoft Visual Studio Solution File, Format Version 12.00
# Visual Studio Version 17
VisualStudioVersion = 17.9.34723.18
MinimumVisualStudioVersion = 10.0.40219.1
Project("{FAE04EC0-301F-11D3-BF4B-00C04F79EFBC}") = "GestaoVendas2023", "GestaoVendas2023\GestaoVendas2023.csproj", "{6134FC42-B4AF-4854-B146-4D3FE6C551DF}"
EndProject
Global
	GlobalSection(SolutionConfigurationPlatforms) = preSolution
		Debug|Any CPU = Debug|Any CPU
		Release|Any CPU = Release|Any CPU
	EndGlobalSection
	GlobalSection(ProjectConfigurationPlatforms) = postSolution
		{6134FC42-B4AF-4854-B146-4D3FE6C551DF}.Debug|Any CPU.ActiveCfg = Debug|Any CPU
		{6134FC42-B4AF-4854-B146-4D3FE6C551DF}.Debug|Any CPU.Build.0 = Debug|Any CPU
		{6134FC42-B4AF-4854-B146-4D3FE6C551DF}.Release|Any CPU.ActiveCfg = Release|Any CPU
		{6134FC42-B4AF-4854-B146-4D3FE6C551DF}.Release|Any CPU.Build.0 = Release|Any CPU
	EndGlobalSection
	GlobalSection(SolutionProperties) = preSolution
		HideSolutionNode = FALSE
	EndGlobalSection
	GlobalSection(ExtensibilityGlobals) = postSolution
		SolutionGuid = {ABFBD135-A593-41B4-AD67-FEF1E25ADBD0}
	EndGlobalSection
EndGlobal
